
Microsoft Visual Studio Solution File, Format Version 12.00
# Visual Studio 14
VisualStudioVersion = 14.0.25420.1
MinimumVisualStudioVersion = 10.0.40219.1
Project("{FAE04EC0-301F-11D3-BF4B-00C04F79EFBC}") = "Availability.Api", "Availability.Api\Availability.Api.csproj", "{06F5A0D2-C8C8-4ED6-9E13-FE7670CA9B85}"
EndProject
Project("{2150E333-8FDC-42A3-9474-1A3956D46DE8}") = "AvailabilityService", "AvailabilityService", "{7ACEA34B-2E65-4AF9-A65A-45113FBA83B1}"
EndProject
Project("{2150E333-8FDC-42A3-9474-1A3956D46DE8}") = "Website", "Website", "{4B24B5C0-EC9A-4937-99EE-154C3438A0A8}"
EndProject
Project("{FAE04EC0-301F-11D3-BF4B-00C04F79EFBC}") = "PublicSite", "PublicWebsite\PublicSite.csproj", "{9F9B8646-8BB1-45A6-B913-9C57474CC07B}"
EndProject
Project("{FAE04EC0-301F-11D3-BF4B-00C04F79EFBC}") = "Availability.Messages", "Availability.Messages\Availability.Messages.csproj", "{9C3B348B-94C4-4B98-A423-A3D3B611B837}"
EndProject
Project("{FAE04EC0-301F-11D3-BF4B-00C04F79EFBC}") = "Availability", "Availability\Availability.csproj", "{3BFF9591-87BF-4447-8390-E532D1A3B930}"
EndProject
Project("{FAE04EC0-301F-11D3-BF4B-00C04F79EFBC}") = "Availability.Data", "Availability.Data\Availability.Data.csproj", "{5739CB1A-5DF8-4A0E-BF5C-029142EFE280}"
EndProject
Project("{2150E333-8FDC-42A3-9474-1A3956D46DE8}") = "Marketing", "Marketing", "{7C46269A-3D20-4F63-9C53-BF906B0BFB35}"
EndProject
Project("{FAE04EC0-301F-11D3-BF4B-00C04F79EFBC}") = "Marketing.Api", "Marketing.Api\Marketing.Api.csproj", "{3DAAA0C3-5DE6-4766-8B7F-42703B2B19A0}"
EndProject
Project("{FAE04EC0-301F-11D3-BF4B-00C04F79EFBC}") = "Marketing.Data", "Marketing.Data\Marketing.Data.csproj", "{B59F2D39-9BA9-4D69-A505-BEA6F26DAB54}"
EndProject
Project("{2150E333-8FDC-42A3-9474-1A3956D46DE8}") = "Rates", "Rates", "{8A4880D0-2DC2-4D52-A4CE-DB29D9791EB6}"
EndProject
Project("{FAE04EC0-301F-11D3-BF4B-00C04F79EFBC}") = "Rates.Api", "Rates.Api\Rates.Api.csproj", "{3DAAA0C3-5DE6-4766-8B7F-42703B2B19A0}"
EndProject
Project("{FAE04EC0-301F-11D3-BF4B-00C04F79EFBC}") = "Rates.Data", "Rates.Data\Rates.Data.csproj", "{B59F2D39-9BA9-4D69-A505-BEA6F26DAB54}"
EndProject
Project("{FAE04EC0-301F-11D3-BF4B-00C04F79EFBC}") = "Rates.SharedKernel", "Rates.SharedKernel\Rates.SharedKernel.csproj", "{7685AB38-3328-452A-965A-45E7BB87A77E}"
EndProject
Global
	GlobalSection(SolutionConfigurationPlatforms) = preSolution
		Debug|Any CPU = Debug|Any CPU
		Release|Any CPU = Release|Any CPU
	EndGlobalSection
	GlobalSection(ProjectConfigurationPlatforms) = postSolution
		{06F5A0D2-C8C8-4ED6-9E13-FE7670CA9B85}.Debug|Any CPU.ActiveCfg = Debug|Any CPU
		{06F5A0D2-C8C8-4ED6-9E13-FE7670CA9B85}.Debug|Any CPU.Build.0 = Debug|Any CPU
		{06F5A0D2-C8C8-4ED6-9E13-FE7670CA9B85}.Release|Any CPU.ActiveCfg = Release|Any CPU
		{06F5A0D2-C8C8-4ED6-9E13-FE7670CA9B85}.Release|Any CPU.Build.0 = Release|Any CPU
		{9F9B8646-8BB1-45A6-B913-9C57474CC07B}.Debug|Any CPU.ActiveCfg = Debug|Any CPU
		{9F9B8646-8BB1-45A6-B913-9C57474CC07B}.Release|Any CPU.ActiveCfg = Release|Any CPU
		{9F9B8646-8BB1-45A6-B913-9C57474CC07B}.Release|Any CPU.Build.0 = Release|Any CPU
		{9C3B348B-94C4-4B98-A423-A3D3B611B837}.Debug|Any CPU.ActiveCfg = Debug|Any CPU
		{9C3B348B-94C4-4B98-A423-A3D3B611B837}.Debug|Any CPU.Build.0 = Debug|Any CPU
		{9C3B348B-94C4-4B98-A423-A3D3B611B837}.Release|Any CPU.ActiveCfg = Release|Any CPU
		{9C3B348B-94C4-4B98-A423-A3D3B611B837}.Release|Any CPU.Build.0 = Release|Any CPU
		{3BFF9591-87BF-4447-8390-E532D1A3B930}.Debug|Any CPU.ActiveCfg = Debug|Any CPU
		{3BFF9591-87BF-4447-8390-E532D1A3B930}.Debug|Any CPU.Build.0 = Debug|Any CPU
		{3BFF9591-87BF-4447-8390-E532D1A3B930}.Release|Any CPU.ActiveCfg = Release|Any CPU
		{3BFF9591-87BF-4447-8390-E532D1A3B930}.Release|Any CPU.Build.0 = Release|Any CPU
		{5739CB1A-5DF8-4A0E-BF5C-029142EFE280}.Debug|Any CPU.ActiveCfg = Debug|Any CPU
		{5739CB1A-5DF8-4A0E-BF5C-029142EFE280}.Debug|Any CPU.Build.0 = Debug|Any CPU
		{5739CB1A-5DF8-4A0E-BF5C-029142EFE280}.Release|Any CPU.ActiveCfg = Release|Any CPU
		{5739CB1A-5DF8-4A0E-BF5C-029142EFE280}.Release|Any CPU.Build.0 = Release|Any CPU
		{3DAAA0C3-5DE6-4766-8B7F-42703B2B19A0}.Debug|Any CPU.ActiveCfg = Debug|Any CPU
		{3DAAA0C3-5DE6-4766-8B7F-42703B2B19A0}.Debug|Any CPU.Build.0 = Debug|Any CPU
		{3DAAA0C3-5DE6-4766-8B7F-42703B2B19A0}.Release|Any CPU.ActiveCfg = Release|Any CPU
		{3DAAA0C3-5DE6-4766-8B7F-42703B2B19A0}.Release|Any CPU.Build.0 = Release|Any CPU
		{B59F2D39-9BA9-4D69-A505-BEA6F26DAB54}.Debug|Any CPU.ActiveCfg = Debug|Any CPU
		{B59F2D39-9BA9-4D69-A505-BEA6F26DAB54}.Debug|Any CPU.Build.0 = Debug|Any CPU
		{B59F2D39-9BA9-4D69-A505-BEA6F26DAB54}.Release|Any CPU.ActiveCfg = Release|Any CPU
		{B59F2D39-9BA9-4D69-A505-BEA6F26DAB54}.Release|Any CPU.Build.0 = Release|Any CPU
		{7685AB38-3328-452A-965A-45E7BB87A77E}.Debug|Any CPU.ActiveCfg = Debug|Any CPU
		{7685AB38-3328-452A-965A-45E7BB87A77E}.Debug|Any CPU.Build.0 = Debug|Any CPU
		{7685AB38-3328-452A-965A-45E7BB87A77E}.Release|Any CPU.ActiveCfg = Release|Any CPU
		{7685AB38-3328-452A-965A-45E7BB87A77E}.Release|Any CPU.Build.0 = Release|Any CPU
	EndGlobalSection
	GlobalSection(SolutionProperties) = preSolution
		HideSolutionNode = FALSE
	EndGlobalSection
	GlobalSection(NestedProjects) = preSolution
		{06F5A0D2-C8C8-4ED6-9E13-FE7670CA9B85} = {7ACEA34B-2E65-4AF9-A65A-45113FBA83B1}
		{9F9B8646-8BB1-45A6-B913-9C57474CC07B} = {4B24B5C0-EC9A-4937-99EE-154C3438A0A8}
		{9C3B348B-94C4-4B98-A423-A3D3B611B837} = {7ACEA34B-2E65-4AF9-A65A-45113FBA83B1}
		{3BFF9591-87BF-4447-8390-E532D1A3B930} = {7ACEA34B-2E65-4AF9-A65A-45113FBA83B1}
		{5739CB1A-5DF8-4A0E-BF5C-029142EFE280} = {7ACEA34B-2E65-4AF9-A65A-45113FBA83B1}
		{3DAAA0C3-5DE6-4766-8B7F-42703B2B19A0} = {7C46269A-3D20-4F63-9C53-BF906B0BFB35}
		{B59F2D39-9BA9-4D69-A505-BEA6F26DAB54} = {7C46269A-3D20-4F63-9C53-BF906B0BFB35}
		{3DAAA0C3-5DE6-4766-8B7F-42703B2B19A0} = {8A4880D0-2DC2-4D52-A4CE-DB29D9791EB6}
		{B59F2D39-9BA9-4D69-A505-BEA6F26DAB54} = {8A4880D0-2DC2-4D52-A4CE-DB29D9791EB6}
		{7685AB38-3328-452A-965A-45E7BB87A77E} = {8A4880D0-2DC2-4D52-A4CE-DB29D9791EB6}
	EndGlobalSection
EndGlobal
