
Microsoft Visual Studio Solution File, Format Version 12.00
# Visual Studio 14
VisualStudioVersion = 14.0.25420.1
MinimumVisualStudioVersion = 10.0.40219.1
Project("{FAE04EC0-301F-11D3-BF4B-00C04F79EFBC}") = "Availability.Api", "Availability.Api\Availability.Api.csproj", "{06F5A0D2-C8C8-4ED6-9E13-FE7670CA9B85}"
EndProject
Project("{2150E333-8FDC-42A3-9474-1A3956D46DE8}") = "Availability", "Availability", "{7ACEA34B-2E65-4AF9-A65A-45113FBA83B1}"
EndProject
Project("{2150E333-8FDC-42A3-9474-1A3956D46DE8}") = "Website", "Website", "{4B24B5C0-EC9A-4937-99EE-154C3438A0A8}"
EndProject
Project("{FAE04EC0-301F-11D3-BF4B-00C04F79EFBC}") = "PublicSite", "PublicWebsite\PublicSite.csproj", "{9F9B8646-8BB1-45A6-B913-9C57474CC07B}"
EndProject
Project("{FAE04EC0-301F-11D3-BF4B-00C04F79EFBC}") = "Availability.Messages", "Availability.Messages\Availability.Messages.csproj", "{9C3B348B-94C4-4B98-A423-A3D3B611B837}"
EndProject
Project("{FAE04EC0-301F-11D3-BF4B-00C04F79EFBC}") = "Availability", "Availability\Availability.csproj", "{3BFF9591-87BF-4447-8390-E532D1A3B930}"
EndProject
Project("{FAE04EC0-301F-11D3-BF4B-00C04F79EFBC}") = "Availability.Data", "Availability.Data\Availability.Data.csproj", "{5739CB1A-5DF8-4A0E-BF5C-029142EFE280}"
EndProject
Project("{2150E333-8FDC-42A3-9474-1A3956D46DE8}") = "Rates", "Rates", "{8A4880D0-2DC2-4D52-A4CE-DB29D9791EB6}"
EndProject
Project("{FAE04EC0-301F-11D3-BF4B-00C04F79EFBC}") = "Rates.Api", "Rates.Api\Rates.Api.csproj", "{3DAAA0C3-5DE6-4766-8B7F-42703B2B19A0}"
EndProject
Project("{FAE04EC0-301F-11D3-BF4B-00C04F79EFBC}") = "Rates.Data", "Rates.Data\Rates.Data.csproj", "{0675D73E-FC77-42E5-8D84-12C645E94846}"
EndProject
Project("{FAE04EC0-301F-11D3-BF4B-00C04F79EFBC}") = "Rates.SharedKernel", "Rates.SharedKernel\Rates.SharedKernel.csproj", "{7685AB38-3328-452A-965A-45E7BB87A77E}"
EndProject
Project("{2150E333-8FDC-42A3-9474-1A3956D46DE8}") = "Reservations", "Reservations", "{19E55944-E1B1-4AFC-90E1-FDD1A60F247A}"
EndProject
Project("{FAE04EC0-301F-11D3-BF4B-00C04F79EFBC}") = "Reservations.Api", "Reservations.Api\Reservations.Api.csproj", "{58E690F8-A367-4A7F-84A6-40E248348119}"
EndProject
Project("{FAE04EC0-301F-11D3-BF4B-00C04F79EFBC}") = "Reservations.Data", "Reservations.Data\Reservations.Data.csproj", "{10DCB518-B28E-41EC-9904-C6ECE023F13C}"
EndProject
Project("{FAE04EC0-301F-11D3-BF4B-00C04F79EFBC}") = "Reservations.Messages", "Reservations.Messages\Reservations.Messages.csproj", "{A459296C-A3B6-4982-A403-2A5B4A020A76}"
EndProject
Project("{FAE04EC0-301F-11D3-BF4B-00C04F79EFBC}") = "SharedKernel", "SharedKernel\SharedKernel.csproj", "{62B25E20-2FE1-4265-8AC1-1029343FEE01}"
EndProject
Project("{FAE04EC0-301F-11D3-BF4B-00C04F79EFBC}") = "Reservations", "Reservations\Reservations.csproj", "{51895589-81B3-4432-9DA2-12CDA37B7F18}"
EndProject
Project("{2150E333-8FDC-42A3-9474-1A3956D46DE8}") = "Payments", "Payments", "{E26C34D6-9AEB-4343-A257-BE86675B5B8F}"
EndProject
Project("{FAE04EC0-301F-11D3-BF4B-00C04F79EFBC}") = "Payments.Messages", "Payments.Messages\Payments.Messages.csproj", "{7152D261-0998-4A0D-B37B-4FC8162F53FB}"
EndProject
Project("{2150E333-8FDC-42A3-9474-1A3956D46DE8}") = "Marketing", "Marketing", "{FB2A417F-02B7-4AA2-A4AD-7007BC6E32E7}"
EndProject
Project("{FAE04EC0-301F-11D3-BF4B-00C04F79EFBC}") = "Marketing.Api", "Marketing.Api\Marketing.Api.csproj", "{8BC7C922-3614-40AC-93E3-589D15D37B6A}"
EndProject
Project("{FAE04EC0-301F-11D3-BF4B-00C04F79EFBC}") = "Marketing.Data", "Marketing.Data\Marketing.Data.csproj", "{B88EE8C5-40F6-49AB-A78C-09FC24C74D41}"
EndProject
Global
	GlobalSection(SolutionConfigurationPlatforms) = preSolution
		Debug|Any CPU = Debug|Any CPU
		Release|Any CPU = Release|Any CPU
	EndGlobalSection
	GlobalSection(ProjectConfigurationPlatforms) = postSolution
		{06F5A0D2-C8C8-4ED6-9E13-FE7670CA9B85}.Debug|Any CPU.ActiveCfg = Debug|Any CPU
		{06F5A0D2-C8C8-4ED6-9E13-FE7670CA9B85}.Debug|Any CPU.Build.0 = Debug|Any CPU
		{06F5A0D2-C8C8-4ED6-9E13-FE7670CA9B85}.Release|Any CPU.ActiveCfg = Release|Any CPU
		{06F5A0D2-C8C8-4ED6-9E13-FE7670CA9B85}.Release|Any CPU.Build.0 = Release|Any CPU
		{9F9B8646-8BB1-45A6-B913-9C57474CC07B}.Debug|Any CPU.ActiveCfg = Debug|Any CPU
		{9F9B8646-8BB1-45A6-B913-9C57474CC07B}.Release|Any CPU.ActiveCfg = Release|Any CPU
		{9F9B8646-8BB1-45A6-B913-9C57474CC07B}.Release|Any CPU.Build.0 = Release|Any CPU
		{9C3B348B-94C4-4B98-A423-A3D3B611B837}.Debug|Any CPU.ActiveCfg = Debug|Any CPU
		{9C3B348B-94C4-4B98-A423-A3D3B611B837}.Debug|Any CPU.Build.0 = Debug|Any CPU
		{9C3B348B-94C4-4B98-A423-A3D3B611B837}.Release|Any CPU.ActiveCfg = Release|Any CPU
		{9C3B348B-94C4-4B98-A423-A3D3B611B837}.Release|Any CPU.Build.0 = Release|Any CPU
		{3BFF9591-87BF-4447-8390-E532D1A3B930}.Debug|Any CPU.ActiveCfg = Debug|Any CPU
		{3BFF9591-87BF-4447-8390-E532D1A3B930}.Debug|Any CPU.Build.0 = Debug|Any CPU
		{3BFF9591-87BF-4447-8390-E532D1A3B930}.Release|Any CPU.ActiveCfg = Release|Any CPU
		{3BFF9591-87BF-4447-8390-E532D1A3B930}.Release|Any CPU.Build.0 = Release|Any CPU
		{5739CB1A-5DF8-4A0E-BF5C-029142EFE280}.Debug|Any CPU.ActiveCfg = Debug|Any CPU
		{5739CB1A-5DF8-4A0E-BF5C-029142EFE280}.Debug|Any CPU.Build.0 = Debug|Any CPU
		{5739CB1A-5DF8-4A0E-BF5C-029142EFE280}.Release|Any CPU.ActiveCfg = Release|Any CPU
		{5739CB1A-5DF8-4A0E-BF5C-029142EFE280}.Release|Any CPU.Build.0 = Release|Any CPU
		{3DAAA0C3-5DE6-4766-8B7F-42703B2B19A0}.Debug|Any CPU.ActiveCfg = Debug|Any CPU
		{3DAAA0C3-5DE6-4766-8B7F-42703B2B19A0}.Debug|Any CPU.Build.0 = Debug|Any CPU
		{3DAAA0C3-5DE6-4766-8B7F-42703B2B19A0}.Release|Any CPU.ActiveCfg = Release|Any CPU
		{3DAAA0C3-5DE6-4766-8B7F-42703B2B19A0}.Release|Any CPU.Build.0 = Release|Any CPU
		{0675D73E-FC77-42E5-8D84-12C645E94846}.Debug|Any CPU.ActiveCfg = Debug|Any CPU
		{0675D73E-FC77-42E5-8D84-12C645E94846}.Debug|Any CPU.Build.0 = Debug|Any CPU
		{0675D73E-FC77-42E5-8D84-12C645E94846}.Release|Any CPU.ActiveCfg = Release|Any CPU
		{0675D73E-FC77-42E5-8D84-12C645E94846}.Release|Any CPU.Build.0 = Release|Any CPU
		{7685AB38-3328-452A-965A-45E7BB87A77E}.Debug|Any CPU.ActiveCfg = Debug|Any CPU
		{7685AB38-3328-452A-965A-45E7BB87A77E}.Debug|Any CPU.Build.0 = Debug|Any CPU
		{7685AB38-3328-452A-965A-45E7BB87A77E}.Release|Any CPU.ActiveCfg = Release|Any CPU
		{7685AB38-3328-452A-965A-45E7BB87A77E}.Release|Any CPU.Build.0 = Release|Any CPU
		{58E690F8-A367-4A7F-84A6-40E248348119}.Debug|Any CPU.ActiveCfg = Debug|Any CPU
		{58E690F8-A367-4A7F-84A6-40E248348119}.Debug|Any CPU.Build.0 = Debug|Any CPU
		{58E690F8-A367-4A7F-84A6-40E248348119}.Release|Any CPU.ActiveCfg = Release|Any CPU
		{58E690F8-A367-4A7F-84A6-40E248348119}.Release|Any CPU.Build.0 = Release|Any CPU
		{10DCB518-B28E-41EC-9904-C6ECE023F13C}.Debug|Any CPU.ActiveCfg = Debug|Any CPU
		{10DCB518-B28E-41EC-9904-C6ECE023F13C}.Debug|Any CPU.Build.0 = Debug|Any CPU
		{10DCB518-B28E-41EC-9904-C6ECE023F13C}.Release|Any CPU.ActiveCfg = Release|Any CPU
		{10DCB518-B28E-41EC-9904-C6ECE023F13C}.Release|Any CPU.Build.0 = Release|Any CPU
		{A459296C-A3B6-4982-A403-2A5B4A020A76}.Debug|Any CPU.ActiveCfg = Debug|Any CPU
		{A459296C-A3B6-4982-A403-2A5B4A020A76}.Debug|Any CPU.Build.0 = Debug|Any CPU
		{A459296C-A3B6-4982-A403-2A5B4A020A76}.Release|Any CPU.ActiveCfg = Release|Any CPU
		{A459296C-A3B6-4982-A403-2A5B4A020A76}.Release|Any CPU.Build.0 = Release|Any CPU
		{62B25E20-2FE1-4265-8AC1-1029343FEE01}.Debug|Any CPU.ActiveCfg = Debug|Any CPU
		{62B25E20-2FE1-4265-8AC1-1029343FEE01}.Debug|Any CPU.Build.0 = Debug|Any CPU
		{62B25E20-2FE1-4265-8AC1-1029343FEE01}.Release|Any CPU.ActiveCfg = Release|Any CPU
		{62B25E20-2FE1-4265-8AC1-1029343FEE01}.Release|Any CPU.Build.0 = Release|Any CPU
		{51895589-81B3-4432-9DA2-12CDA37B7F18}.Debug|Any CPU.ActiveCfg = Debug|Any CPU
		{51895589-81B3-4432-9DA2-12CDA37B7F18}.Debug|Any CPU.Build.0 = Debug|Any CPU
		{51895589-81B3-4432-9DA2-12CDA37B7F18}.Release|Any CPU.ActiveCfg = Release|Any CPU
		{51895589-81B3-4432-9DA2-12CDA37B7F18}.Release|Any CPU.Build.0 = Release|Any CPU
		{7152D261-0998-4A0D-B37B-4FC8162F53FB}.Debug|Any CPU.ActiveCfg = Debug|Any CPU
		{7152D261-0998-4A0D-B37B-4FC8162F53FB}.Debug|Any CPU.Build.0 = Debug|Any CPU
		{7152D261-0998-4A0D-B37B-4FC8162F53FB}.Release|Any CPU.ActiveCfg = Release|Any CPU
		{7152D261-0998-4A0D-B37B-4FC8162F53FB}.Release|Any CPU.Build.0 = Release|Any CPU
		{8BC7C922-3614-40AC-93E3-589D15D37B6A}.Debug|Any CPU.ActiveCfg = Debug|Any CPU
		{8BC7C922-3614-40AC-93E3-589D15D37B6A}.Debug|Any CPU.Build.0 = Debug|Any CPU
		{8BC7C922-3614-40AC-93E3-589D15D37B6A}.Release|Any CPU.ActiveCfg = Release|Any CPU
		{8BC7C922-3614-40AC-93E3-589D15D37B6A}.Release|Any CPU.Build.0 = Release|Any CPU
		{B88EE8C5-40F6-49AB-A78C-09FC24C74D41}.Debug|Any CPU.ActiveCfg = Debug|Any CPU
		{B88EE8C5-40F6-49AB-A78C-09FC24C74D41}.Debug|Any CPU.Build.0 = Debug|Any CPU
		{B88EE8C5-40F6-49AB-A78C-09FC24C74D41}.Release|Any CPU.ActiveCfg = Release|Any CPU
		{B88EE8C5-40F6-49AB-A78C-09FC24C74D41}.Release|Any CPU.Build.0 = Release|Any CPU
	EndGlobalSection
	GlobalSection(SolutionProperties) = preSolution
		HideSolutionNode = FALSE
	EndGlobalSection
	GlobalSection(NestedProjects) = preSolution
		{06F5A0D2-C8C8-4ED6-9E13-FE7670CA9B85} = {7ACEA34B-2E65-4AF9-A65A-45113FBA83B1}
		{9F9B8646-8BB1-45A6-B913-9C57474CC07B} = {4B24B5C0-EC9A-4937-99EE-154C3438A0A8}
		{9C3B348B-94C4-4B98-A423-A3D3B611B837} = {7ACEA34B-2E65-4AF9-A65A-45113FBA83B1}
		{3BFF9591-87BF-4447-8390-E532D1A3B930} = {7ACEA34B-2E65-4AF9-A65A-45113FBA83B1}
		{5739CB1A-5DF8-4A0E-BF5C-029142EFE280} = {7ACEA34B-2E65-4AF9-A65A-45113FBA83B1}
		{3DAAA0C3-5DE6-4766-8B7F-42703B2B19A0} = {8A4880D0-2DC2-4D52-A4CE-DB29D9791EB6}
		{0675D73E-FC77-42E5-8D84-12C645E94846} = {8A4880D0-2DC2-4D52-A4CE-DB29D9791EB6}
		{7685AB38-3328-452A-965A-45E7BB87A77E} = {8A4880D0-2DC2-4D52-A4CE-DB29D9791EB6}
		{58E690F8-A367-4A7F-84A6-40E248348119} = {19E55944-E1B1-4AFC-90E1-FDD1A60F247A}
		{10DCB518-B28E-41EC-9904-C6ECE023F13C} = {19E55944-E1B1-4AFC-90E1-FDD1A60F247A}
		{A459296C-A3B6-4982-A403-2A5B4A020A76} = {19E55944-E1B1-4AFC-90E1-FDD1A60F247A}
		{51895589-81B3-4432-9DA2-12CDA37B7F18} = {19E55944-E1B1-4AFC-90E1-FDD1A60F247A}
		{7152D261-0998-4A0D-B37B-4FC8162F53FB} = {E26C34D6-9AEB-4343-A257-BE86675B5B8F}
		{8BC7C922-3614-40AC-93E3-589D15D37B6A} = {FB2A417F-02B7-4AA2-A4AD-7007BC6E32E7}
		{B88EE8C5-40F6-49AB-A78C-09FC24C74D41} = {FB2A417F-02B7-4AA2-A4AD-7007BC6E32E7}
	EndGlobalSection
EndGlobal
