
Microsoft Visual Studio Solution File, Format Version 12.00
# Visual Studio 14
VisualStudioVersion = 14.0.25420.1
MinimumVisualStudioVersion = 10.0.40219.1
Project("{FAE04EC0-301F-11D3-BF4B-00C04F79EFBC}") = "Availability.Api", "Availability.Api\Availability.Api.csproj", "{06F5A0D2-C8C8-4ED6-9E13-FE7670CA9B85}"
EndProject
Project("{2150E333-8FDC-42A3-9474-1A3956D46DE8}") = "Availability", "Availability", "{7ACEA34B-2E65-4AF9-A65A-45113FBA83B1}"
EndProject
Project("{2150E333-8FDC-42A3-9474-1A3956D46DE8}") = "Website", "Website", "{4B24B5C0-EC9A-4937-99EE-154C3438A0A8}"
EndProject
Project("{FAE04EC0-301F-11D3-BF4B-00C04F79EFBC}") = "PublicSite", "PublicWebsite\PublicSite.csproj", "{9F9B8646-8BB1-45A6-B913-9C57474CC07B}"
EndProject
Project("{FAE04EC0-301F-11D3-BF4B-00C04F79EFBC}") = "Availability.Messages", "Availability.Messages\Availability.Messages.csproj", "{9C3B348B-94C4-4B98-A423-A3D3B611B837}"
EndProject
Project("{FAE04EC0-301F-11D3-BF4B-00C04F79EFBC}") = "Availability", "Availability\Availability.csproj", "{3BFF9591-87BF-4447-8390-E532D1A3B930}"
EndProject
Project("{FAE04EC0-301F-11D3-BF4B-00C04F79EFBC}") = "Availability.Data", "Availability.Data\Availability.Data.csproj", "{5739CB1A-5DF8-4A0E-BF5C-029142EFE280}"
EndProject
Project("{2150E333-8FDC-42A3-9474-1A3956D46DE8}") = "Rates", "Rates", "{8A4880D0-2DC2-4D52-A4CE-DB29D9791EB6}"
EndProject
Project("{FAE04EC0-301F-11D3-BF4B-00C04F79EFBC}") = "Rates.Api", "Rates.Api\Rates.Api.csproj", "{3DAAA0C3-5DE6-4766-8B7F-42703B2B19A0}"
EndProject
Project("{FAE04EC0-301F-11D3-BF4B-00C04F79EFBC}") = "Rates.Data", "Rates.Data\Rates.Data.csproj", "{0675D73E-FC77-42E5-8D84-12C645E94846}"
EndProject
Project("{FAE04EC0-301F-11D3-BF4B-00C04F79EFBC}") = "Rates.SharedKernel", "Rates.SharedKernel\Rates.SharedKernel.csproj", "{7685AB38-3328-452A-965A-45E7BB87A77E}"
EndProject
Project("{2150E333-8FDC-42A3-9474-1A3956D46DE8}") = "Reservations", "Reservations", "{19E55944-E1B1-4AFC-90E1-FDD1A60F247A}"
EndProject
Project("{FAE04EC0-301F-11D3-BF4B-00C04F79EFBC}") = "Reservations.Api", "Reservations.Api\Reservations.Api.csproj", "{58E690F8-A367-4A7F-84A6-40E248348119}"
EndProject
Project("{FAE04EC0-301F-11D3-BF4B-00C04F79EFBC}") = "Reservations.Data", "Reservations.Data\Reservations.Data.csproj", "{10DCB518-B28E-41EC-9904-C6ECE023F13C}"
EndProject
Project("{FAE04EC0-301F-11D3-BF4B-00C04F79EFBC}") = "Reservations.Messages", "Reservations.Messages\Reservations.Messages.csproj", "{A459296C-A3B6-4982-A403-2A5B4A020A76}"
EndProject
Project("{FAE04EC0-301F-11D3-BF4B-00C04F79EFBC}") = "SharedKernel", "SharedKernel\SharedKernel.csproj", "{62B25E20-2FE1-4265-8AC1-1029343FEE01}"
EndProject
Project("{FAE04EC0-301F-11D3-BF4B-00C04F79EFBC}") = "Reservations", "Reservations\Reservations.csproj", "{51895589-81B3-4432-9DA2-12CDA37B7F18}"
EndProject
Project("{2150E333-8FDC-42A3-9474-1A3956D46DE8}") = "Marketing", "Marketing", "{FB2A417F-02B7-4AA2-A4AD-7007BC6E32E7}"
EndProject
Project("{FAE04EC0-301F-11D3-BF4B-00C04F79EFBC}") = "Marketing.Api", "Marketing.Api\Marketing.Api.csproj", "{8BC7C922-3614-40AC-93E3-589D15D37B6A}"
EndProject
Project("{FAE04EC0-301F-11D3-BF4B-00C04F79EFBC}") = "Marketing.Data", "Marketing.Data\Marketing.Data.csproj", "{B88EE8C5-40F6-49AB-A78C-09FC24C74D41}"
EndProject
Project("{FAE04EC0-301F-11D3-BF4B-00C04F79EFBC}") = "Finance.Data", "Finance.Data\Finance.Data.csproj", "{C86FB347-EB9C-441F-A342-EB8CAB6E0F23}"
EndProject
Project("{FAE04EC0-301F-11D3-BF4B-00C04F79EFBC}") = "Finance", "Finance\Finance.csproj", "{25E55DC0-0089-4EA5-8EC3-29E104C30114}"
EndProject
Project("{2150E333-8FDC-42A3-9474-1A3956D46DE8}") = "Guests", "Guests", "{A4824166-81DA-4974-876D-69AE19009043}"
EndProject
Project("{FAE04EC0-301F-11D3-BF4B-00C04F79EFBC}") = "Guests.Api", "Guests.Api\Guests.Api.csproj", "{64DC33DE-FAC4-4269-AE47-7C246563362D}"
EndProject
Project("{FAE04EC0-301F-11D3-BF4B-00C04F79EFBC}") = "Guests.Data", "Guests.Data\Guests.Data.csproj", "{21AE17AB-38BD-4F63-836F-8B3CC3482FB3}"
EndProject
Project("{FAE04EC0-301F-11D3-BF4B-00C04F79EFBC}") = "Guests.Messages", "Guests.Messages\Guests.Messages.csproj", "{83C89AF2-FCE1-4763-8C55-3060D7711B98}"
EndProject
Project("{FAE04EC0-301F-11D3-BF4B-00C04F79EFBC}") = "Guests", "Guests\Guests.csproj", "{8EE714EB-4BA4-4D12-B704-625FF6EB043A}"
EndProject
Project("{2150E333-8FDC-42A3-9474-1A3956D46DE8}") = "Finance", "Finance", "{E09EA2C9-987C-4B92-90A8-44AAF4E85FB9}"
EndProject
Project("{FAE04EC0-301F-11D3-BF4B-00C04F79EFBC}") = "Finance.Api", "Finance.Api\Finance.Api.csproj", "{756ECB42-AF32-4BBD-9914-1B076A2C425A}"
EndProject
Project("{FAE04EC0-301F-11D3-BF4B-00C04F79EFBC}") = "Finance.Messages", "Finance.Messages\Finance.Messages.csproj", "{D3849178-DD8A-4054-B40A-5180E7E837B9}"
EndProject
Project("{2150E333-8FDC-42A3-9474-1A3956D46DE8}") = "ITOps", "ITOps", "{1829CE98-63AA-40EC-8849-7A53A6C4538A}"
EndProject
Project("{FAE04EC0-301F-11D3-BF4B-00C04F79EFBC}") = "ITOps", "ITOps\ITOps.csproj", "{7B0F34EA-C149-4157-9DD6-69C36F4D75DD}"
EndProject
Project("{FAE04EC0-301F-11D3-BF4B-00C04F79EFBC}") = "ITOps.Messages", "ITOps.Messages\ITOps.Messages.csproj", "{DB383CF1-1065-4E05-A2CC-A780CB5F9886}"
EndProject
Global
	GlobalSection(SolutionConfigurationPlatforms) = preSolution
		Debug|Any CPU = Debug|Any CPU
		Release|Any CPU = Release|Any CPU
	EndGlobalSection
	GlobalSection(ProjectConfigurationPlatforms) = postSolution
		{06F5A0D2-C8C8-4ED6-9E13-FE7670CA9B85}.Debug|Any CPU.ActiveCfg = Debug|Any CPU
		{06F5A0D2-C8C8-4ED6-9E13-FE7670CA9B85}.Debug|Any CPU.Build.0 = Debug|Any CPU
		{06F5A0D2-C8C8-4ED6-9E13-FE7670CA9B85}.Release|Any CPU.ActiveCfg = Release|Any CPU
		{06F5A0D2-C8C8-4ED6-9E13-FE7670CA9B85}.Release|Any CPU.Build.0 = Release|Any CPU
		{9F9B8646-8BB1-45A6-B913-9C57474CC07B}.Debug|Any CPU.ActiveCfg = Debug|Any CPU
		{9F9B8646-8BB1-45A6-B913-9C57474CC07B}.Release|Any CPU.ActiveCfg = Release|Any CPU
		{9F9B8646-8BB1-45A6-B913-9C57474CC07B}.Release|Any CPU.Build.0 = Release|Any CPU
		{9C3B348B-94C4-4B98-A423-A3D3B611B837}.Debug|Any CPU.ActiveCfg = Debug|Any CPU
		{9C3B348B-94C4-4B98-A423-A3D3B611B837}.Debug|Any CPU.Build.0 = Debug|Any CPU
		{9C3B348B-94C4-4B98-A423-A3D3B611B837}.Release|Any CPU.ActiveCfg = Release|Any CPU
		{9C3B348B-94C4-4B98-A423-A3D3B611B837}.Release|Any CPU.Build.0 = Release|Any CPU
		{3BFF9591-87BF-4447-8390-E532D1A3B930}.Debug|Any CPU.ActiveCfg = Debug|Any CPU
		{3BFF9591-87BF-4447-8390-E532D1A3B930}.Debug|Any CPU.Build.0 = Debug|Any CPU
		{3BFF9591-87BF-4447-8390-E532D1A3B930}.Release|Any CPU.ActiveCfg = Release|Any CPU
		{3BFF9591-87BF-4447-8390-E532D1A3B930}.Release|Any CPU.Build.0 = Release|Any CPU
		{5739CB1A-5DF8-4A0E-BF5C-029142EFE280}.Debug|Any CPU.ActiveCfg = Debug|Any CPU
		{5739CB1A-5DF8-4A0E-BF5C-029142EFE280}.Debug|Any CPU.Build.0 = Debug|Any CPU
		{5739CB1A-5DF8-4A0E-BF5C-029142EFE280}.Release|Any CPU.ActiveCfg = Release|Any CPU
		{5739CB1A-5DF8-4A0E-BF5C-029142EFE280}.Release|Any CPU.Build.0 = Release|Any CPU
		{3DAAA0C3-5DE6-4766-8B7F-42703B2B19A0}.Debug|Any CPU.ActiveCfg = Debug|Any CPU
		{3DAAA0C3-5DE6-4766-8B7F-42703B2B19A0}.Debug|Any CPU.Build.0 = Debug|Any CPU
		{3DAAA0C3-5DE6-4766-8B7F-42703B2B19A0}.Release|Any CPU.ActiveCfg = Release|Any CPU
		{3DAAA0C3-5DE6-4766-8B7F-42703B2B19A0}.Release|Any CPU.Build.0 = Release|Any CPU
		{0675D73E-FC77-42E5-8D84-12C645E94846}.Debug|Any CPU.ActiveCfg = Debug|Any CPU
		{0675D73E-FC77-42E5-8D84-12C645E94846}.Debug|Any CPU.Build.0 = Debug|Any CPU
		{0675D73E-FC77-42E5-8D84-12C645E94846}.Release|Any CPU.ActiveCfg = Release|Any CPU
		{0675D73E-FC77-42E5-8D84-12C645E94846}.Release|Any CPU.Build.0 = Release|Any CPU
		{7685AB38-3328-452A-965A-45E7BB87A77E}.Debug|Any CPU.ActiveCfg = Debug|Any CPU
		{7685AB38-3328-452A-965A-45E7BB87A77E}.Debug|Any CPU.Build.0 = Debug|Any CPU
		{7685AB38-3328-452A-965A-45E7BB87A77E}.Release|Any CPU.ActiveCfg = Release|Any CPU
		{7685AB38-3328-452A-965A-45E7BB87A77E}.Release|Any CPU.Build.0 = Release|Any CPU
		{58E690F8-A367-4A7F-84A6-40E248348119}.Debug|Any CPU.ActiveCfg = Debug|Any CPU
		{58E690F8-A367-4A7F-84A6-40E248348119}.Debug|Any CPU.Build.0 = Debug|Any CPU
		{58E690F8-A367-4A7F-84A6-40E248348119}.Release|Any CPU.ActiveCfg = Release|Any CPU
		{58E690F8-A367-4A7F-84A6-40E248348119}.Release|Any CPU.Build.0 = Release|Any CPU
		{10DCB518-B28E-41EC-9904-C6ECE023F13C}.Debug|Any CPU.ActiveCfg = Debug|Any CPU
		{10DCB518-B28E-41EC-9904-C6ECE023F13C}.Debug|Any CPU.Build.0 = Debug|Any CPU
		{10DCB518-B28E-41EC-9904-C6ECE023F13C}.Release|Any CPU.ActiveCfg = Release|Any CPU
		{10DCB518-B28E-41EC-9904-C6ECE023F13C}.Release|Any CPU.Build.0 = Release|Any CPU
		{A459296C-A3B6-4982-A403-2A5B4A020A76}.Debug|Any CPU.ActiveCfg = Debug|Any CPU
		{A459296C-A3B6-4982-A403-2A5B4A020A76}.Debug|Any CPU.Build.0 = Debug|Any CPU
		{A459296C-A3B6-4982-A403-2A5B4A020A76}.Release|Any CPU.ActiveCfg = Release|Any CPU
		{A459296C-A3B6-4982-A403-2A5B4A020A76}.Release|Any CPU.Build.0 = Release|Any CPU
		{62B25E20-2FE1-4265-8AC1-1029343FEE01}.Debug|Any CPU.ActiveCfg = Debug|Any CPU
		{62B25E20-2FE1-4265-8AC1-1029343FEE01}.Debug|Any CPU.Build.0 = Debug|Any CPU
		{62B25E20-2FE1-4265-8AC1-1029343FEE01}.Release|Any CPU.ActiveCfg = Release|Any CPU
		{62B25E20-2FE1-4265-8AC1-1029343FEE01}.Release|Any CPU.Build.0 = Release|Any CPU
		{51895589-81B3-4432-9DA2-12CDA37B7F18}.Debug|Any CPU.ActiveCfg = Debug|Any CPU
		{51895589-81B3-4432-9DA2-12CDA37B7F18}.Debug|Any CPU.Build.0 = Debug|Any CPU
		{51895589-81B3-4432-9DA2-12CDA37B7F18}.Release|Any CPU.ActiveCfg = Release|Any CPU
		{51895589-81B3-4432-9DA2-12CDA37B7F18}.Release|Any CPU.Build.0 = Release|Any CPU
		{8BC7C922-3614-40AC-93E3-589D15D37B6A}.Debug|Any CPU.ActiveCfg = Debug|Any CPU
		{8BC7C922-3614-40AC-93E3-589D15D37B6A}.Debug|Any CPU.Build.0 = Debug|Any CPU
		{8BC7C922-3614-40AC-93E3-589D15D37B6A}.Release|Any CPU.ActiveCfg = Release|Any CPU
		{8BC7C922-3614-40AC-93E3-589D15D37B6A}.Release|Any CPU.Build.0 = Release|Any CPU
		{B88EE8C5-40F6-49AB-A78C-09FC24C74D41}.Debug|Any CPU.ActiveCfg = Debug|Any CPU
		{B88EE8C5-40F6-49AB-A78C-09FC24C74D41}.Debug|Any CPU.Build.0 = Debug|Any CPU
		{B88EE8C5-40F6-49AB-A78C-09FC24C74D41}.Release|Any CPU.ActiveCfg = Release|Any CPU
		{B88EE8C5-40F6-49AB-A78C-09FC24C74D41}.Release|Any CPU.Build.0 = Release|Any CPU
		{C86FB347-EB9C-441F-A342-EB8CAB6E0F23}.Debug|Any CPU.ActiveCfg = Debug|Any CPU
		{C86FB347-EB9C-441F-A342-EB8CAB6E0F23}.Debug|Any CPU.Build.0 = Debug|Any CPU
		{C86FB347-EB9C-441F-A342-EB8CAB6E0F23}.Release|Any CPU.ActiveCfg = Release|Any CPU
		{C86FB347-EB9C-441F-A342-EB8CAB6E0F23}.Release|Any CPU.Build.0 = Release|Any CPU
		{25E55DC0-0089-4EA5-8EC3-29E104C30114}.Debug|Any CPU.ActiveCfg = Debug|Any CPU
		{25E55DC0-0089-4EA5-8EC3-29E104C30114}.Debug|Any CPU.Build.0 = Debug|Any CPU
		{25E55DC0-0089-4EA5-8EC3-29E104C30114}.Release|Any CPU.ActiveCfg = Release|Any CPU
		{25E55DC0-0089-4EA5-8EC3-29E104C30114}.Release|Any CPU.Build.0 = Release|Any CPU
		{64DC33DE-FAC4-4269-AE47-7C246563362D}.Debug|Any CPU.ActiveCfg = Debug|Any CPU
		{64DC33DE-FAC4-4269-AE47-7C246563362D}.Debug|Any CPU.Build.0 = Debug|Any CPU
		{64DC33DE-FAC4-4269-AE47-7C246563362D}.Release|Any CPU.ActiveCfg = Release|Any CPU
		{64DC33DE-FAC4-4269-AE47-7C246563362D}.Release|Any CPU.Build.0 = Release|Any CPU
		{21AE17AB-38BD-4F63-836F-8B3CC3482FB3}.Debug|Any CPU.ActiveCfg = Debug|Any CPU
		{21AE17AB-38BD-4F63-836F-8B3CC3482FB3}.Debug|Any CPU.Build.0 = Debug|Any CPU
		{21AE17AB-38BD-4F63-836F-8B3CC3482FB3}.Release|Any CPU.ActiveCfg = Release|Any CPU
		{21AE17AB-38BD-4F63-836F-8B3CC3482FB3}.Release|Any CPU.Build.0 = Release|Any CPU
		{83C89AF2-FCE1-4763-8C55-3060D7711B98}.Debug|Any CPU.ActiveCfg = Debug|Any CPU
		{83C89AF2-FCE1-4763-8C55-3060D7711B98}.Debug|Any CPU.Build.0 = Debug|Any CPU
		{83C89AF2-FCE1-4763-8C55-3060D7711B98}.Release|Any CPU.ActiveCfg = Release|Any CPU
		{83C89AF2-FCE1-4763-8C55-3060D7711B98}.Release|Any CPU.Build.0 = Release|Any CPU
		{8EE714EB-4BA4-4D12-B704-625FF6EB043A}.Debug|Any CPU.ActiveCfg = Debug|Any CPU
		{8EE714EB-4BA4-4D12-B704-625FF6EB043A}.Debug|Any CPU.Build.0 = Debug|Any CPU
		{8EE714EB-4BA4-4D12-B704-625FF6EB043A}.Release|Any CPU.ActiveCfg = Release|Any CPU
		{8EE714EB-4BA4-4D12-B704-625FF6EB043A}.Release|Any CPU.Build.0 = Release|Any CPU
		{756ECB42-AF32-4BBD-9914-1B076A2C425A}.Debug|Any CPU.ActiveCfg = Debug|Any CPU
		{756ECB42-AF32-4BBD-9914-1B076A2C425A}.Debug|Any CPU.Build.0 = Debug|Any CPU
		{756ECB42-AF32-4BBD-9914-1B076A2C425A}.Release|Any CPU.ActiveCfg = Release|Any CPU
		{756ECB42-AF32-4BBD-9914-1B076A2C425A}.Release|Any CPU.Build.0 = Release|Any CPU
		{D3849178-DD8A-4054-B40A-5180E7E837B9}.Debug|Any CPU.ActiveCfg = Debug|Any CPU
		{D3849178-DD8A-4054-B40A-5180E7E837B9}.Debug|Any CPU.Build.0 = Debug|Any CPU
		{D3849178-DD8A-4054-B40A-5180E7E837B9}.Release|Any CPU.ActiveCfg = Release|Any CPU
		{D3849178-DD8A-4054-B40A-5180E7E837B9}.Release|Any CPU.Build.0 = Release|Any CPU
		{7B0F34EA-C149-4157-9DD6-69C36F4D75DD}.Debug|Any CPU.ActiveCfg = Debug|Any CPU
		{7B0F34EA-C149-4157-9DD6-69C36F4D75DD}.Debug|Any CPU.Build.0 = Debug|Any CPU
		{7B0F34EA-C149-4157-9DD6-69C36F4D75DD}.Release|Any CPU.ActiveCfg = Release|Any CPU
		{7B0F34EA-C149-4157-9DD6-69C36F4D75DD}.Release|Any CPU.Build.0 = Release|Any CPU
		{DB383CF1-1065-4E05-A2CC-A780CB5F9886}.Debug|Any CPU.ActiveCfg = Debug|Any CPU
		{DB383CF1-1065-4E05-A2CC-A780CB5F9886}.Debug|Any CPU.Build.0 = Debug|Any CPU
		{DB383CF1-1065-4E05-A2CC-A780CB5F9886}.Release|Any CPU.ActiveCfg = Release|Any CPU
		{DB383CF1-1065-4E05-A2CC-A780CB5F9886}.Release|Any CPU.Build.0 = Release|Any CPU
	EndGlobalSection
	GlobalSection(SolutionProperties) = preSolution
		HideSolutionNode = FALSE
	EndGlobalSection
	GlobalSection(NestedProjects) = preSolution
		{06F5A0D2-C8C8-4ED6-9E13-FE7670CA9B85} = {7ACEA34B-2E65-4AF9-A65A-45113FBA83B1}
		{9F9B8646-8BB1-45A6-B913-9C57474CC07B} = {4B24B5C0-EC9A-4937-99EE-154C3438A0A8}
		{9C3B348B-94C4-4B98-A423-A3D3B611B837} = {7ACEA34B-2E65-4AF9-A65A-45113FBA83B1}
		{3BFF9591-87BF-4447-8390-E532D1A3B930} = {7ACEA34B-2E65-4AF9-A65A-45113FBA83B1}
		{5739CB1A-5DF8-4A0E-BF5C-029142EFE280} = {7ACEA34B-2E65-4AF9-A65A-45113FBA83B1}
		{3DAAA0C3-5DE6-4766-8B7F-42703B2B19A0} = {8A4880D0-2DC2-4D52-A4CE-DB29D9791EB6}
		{0675D73E-FC77-42E5-8D84-12C645E94846} = {8A4880D0-2DC2-4D52-A4CE-DB29D9791EB6}
		{7685AB38-3328-452A-965A-45E7BB87A77E} = {8A4880D0-2DC2-4D52-A4CE-DB29D9791EB6}
		{58E690F8-A367-4A7F-84A6-40E248348119} = {19E55944-E1B1-4AFC-90E1-FDD1A60F247A}
		{10DCB518-B28E-41EC-9904-C6ECE023F13C} = {19E55944-E1B1-4AFC-90E1-FDD1A60F247A}
		{A459296C-A3B6-4982-A403-2A5B4A020A76} = {19E55944-E1B1-4AFC-90E1-FDD1A60F247A}
		{51895589-81B3-4432-9DA2-12CDA37B7F18} = {19E55944-E1B1-4AFC-90E1-FDD1A60F247A}
		{8BC7C922-3614-40AC-93E3-589D15D37B6A} = {FB2A417F-02B7-4AA2-A4AD-7007BC6E32E7}
		{B88EE8C5-40F6-49AB-A78C-09FC24C74D41} = {FB2A417F-02B7-4AA2-A4AD-7007BC6E32E7}
		{C86FB347-EB9C-441F-A342-EB8CAB6E0F23} = {E09EA2C9-987C-4B92-90A8-44AAF4E85FB9}
		{25E55DC0-0089-4EA5-8EC3-29E104C30114} = {E09EA2C9-987C-4B92-90A8-44AAF4E85FB9}
		{64DC33DE-FAC4-4269-AE47-7C246563362D} = {A4824166-81DA-4974-876D-69AE19009043}
		{21AE17AB-38BD-4F63-836F-8B3CC3482FB3} = {A4824166-81DA-4974-876D-69AE19009043}
		{83C89AF2-FCE1-4763-8C55-3060D7711B98} = {A4824166-81DA-4974-876D-69AE19009043}
		{8EE714EB-4BA4-4D12-B704-625FF6EB043A} = {A4824166-81DA-4974-876D-69AE19009043}
		{756ECB42-AF32-4BBD-9914-1B076A2C425A} = {E09EA2C9-987C-4B92-90A8-44AAF4E85FB9}
		{D3849178-DD8A-4054-B40A-5180E7E837B9} = {E09EA2C9-987C-4B92-90A8-44AAF4E85FB9}
		{7B0F34EA-C149-4157-9DD6-69C36F4D75DD} = {1829CE98-63AA-40EC-8849-7A53A6C4538A}
		{DB383CF1-1065-4E05-A2CC-A780CB5F9886} = {1829CE98-63AA-40EC-8849-7A53A6C4538A}
	EndGlobalSection
EndGlobal
